// !$*UTF8*$!
{
	archiveVersion = 1;
	classes = {
	};
	objectVersion = 46;
	objects = {

/* Begin PBXBuildFile section */
		38EA0CAD1B098EBE00254FEE /* main.m in Sources */ = {isa = PBXBuildFile; fileRef = 38EA0CAC1B098EBE00254FEE /* main.m */; };
		38EA0CB01B098EBE00254FEE /* AppDelegate.m in Sources */ = {isa = PBXBuildFile; fileRef = 38EA0CAF1B098EBE00254FEE /* AppDelegate.m */; };
		38EA0CB31B098EBE00254FEE /* ViewController.m in Sources */ = {isa = PBXBuildFile; fileRef = 38EA0CB21B098EBE00254FEE /* ViewController.m */; };
		38EA0CB61B098EBE00254FEE /* Main.storyboard in Resources */ = {isa = PBXBuildFile; fileRef = 38EA0CB41B098EBE00254FEE /* Main.storyboard */; };
		38EA0CB81B098EBE00254FEE /* Images.xcassets in Resources */ = {isa = PBXBuildFile; fileRef = 38EA0CB71B098EBE00254FEE /* Images.xcassets */; };
		38EA0CBB1B098EBE00254FEE /* LaunchScreen.xib in Resources */ = {isa = PBXBuildFile; fileRef = 38EA0CB91B098EBE00254FEE /* LaunchScreen.xib */; };
		38EA0CC71B098EBE00254FEE /* pieDemoTests.m in Sources */ = {isa = PBXBuildFile; fileRef = 38EA0CC61B098EBE00254FEE /* pieDemoTests.m */; };
/* End PBXBuildFile section */

/* Begin PBXContainerItemProxy section */
		38EA0CC11B098EBE00254FEE /* PBXContainerItemProxy */ = {
			isa = PBXContainerItemProxy;
			containerPortal = 38EA0C9F1B098EBE00254FEE /* Project object */;
			proxyType = 1;
			remoteGlobalIDString = 38EA0CA61B098EBE00254FEE;
			remoteInfo = pieDemo;
		};
/* End PBXContainerItemProxy section */

/* Begin PBXFileReference section */
		38EA0CA71B098EBE00254FEE /* pieDemo.app */ = {isa = PBXFileReference; explicitFileType = wrapper.application; includeInIndex = 0; path = pieDemo.app; sourceTree = BUILT_PRODUCTS_DIR; };
		38EA0CAB1B098EBE00254FEE /* Info.plist */ = {isa = PBXFileReference; lastKnownFileType = text.plist.xml; path = Info.plist; sourceTree = "<group>"; };
		38EA0CAC1B098EBE00254FEE /* main.m */ = {isa = PBXFileReference; lastKnownFileType = sourcecode.c.objc; path = main.m; sourceTree = "<group>"; };
		38EA0CAE1B098EBE00254FEE /* AppDelegate.h */ = {isa = PBXFileReference; lastKnownFileType = sourcecode.c.h; path = AppDelegate.h; sourceTree = "<group>"; };
		38EA0CAF1B098EBE00254FEE /* AppDelegate.m */ = {isa = PBXFileReference; lastKnownFileType = sourcecode.c.objc; path = AppDelegate.m; sourceTree = "<group>"; };
		38EA0CB11B098EBE00254FEE /* ViewController.h */ = {isa = PBXFileReference; lastKnownFileType = sourcecode.c.h; path = ViewController.h; sourceTree = "<group>"; };
		38EA0CB21B098EBE00254FEE /* ViewController.m */ = {isa = PBXFileReference; lastKnownFileType = sourcecode.c.objc; path = ViewController.m; sourceTree = "<group>"; };
		38EA0CB51B098EBE00254FEE /* Base */ = {isa = PBXFileReference; lastKnownFileType = file.storyboard; name = Base; path = Base.lproj/Main.storyboard; sourceTree = "<group>"; };
		38EA0CB71B098EBE00254FEE /* Images.xcassets */ = {isa = PBXFileReference; lastKnownFileType = folder.assetcatalog; path = Images.xcassets; sourceTree = "<group>"; };
		38EA0CBA1B098EBE00254FEE /* Base */ = {isa = PBXFileReference; lastKnownFileType = file.xib; name = Base; path = Base.lproj/LaunchScreen.xib; sourceTree = "<group>"; };
		38EA0CC01B098EBE00254FEE /* pieDemoTests.xctest */ = {isa = PBXFileReference; explicitFileType = wrapper.cfbundle; includeInIndex = 0; path = pieDemoTests.xctest; sourceTree = BUILT_PRODUCTS_DIR; };
		38EA0CC51B098EBE00254FEE /* Info.plist */ = {isa = PBXFileReference; lastKnownFileType = text.plist.xml; path = Info.plist; sourceTree = "<group>"; };
		38EA0CC61B098EBE00254FEE /* pieDemoTests.m */ = {isa = PBXFileReference; lastKnownFileType = sourcecode.c.objc; path = pieDemoTests.m; sourceTree = "<group>"; };
/* End PBXFileReference section */

/* Begin PBXFrameworksBuildPhase section */
		38EA0CA41B098EBE00254FEE /* Frameworks */ = {
			isa = PBXFrameworksBuildPhase;
			buildActionMask = 2147483647;
			files = (
			);
			runOnlyForDeploymentPostprocessing = 0;
		};
		38EA0CBD1B098EBE00254FEE /* Frameworks */ = {
			isa = PBXFrameworksBuildPhase;
			buildActionMask = 2147483647;
			files = (
			);
			runOnlyForDeploymentPostprocessing = 0;
		};
/* End PBXFrameworksBuildPhase section */

/* Begin PBXGroup section */
		38EA0C9E1B098EBE00254FEE = {
			isa = PBXGroup;
			children = (
				38EA0CA91B098EBE00254FEE /* pieDemo */,
				38EA0CC31B098EBE00254FEE /* pieDemoTests */,
				38EA0CA81B098EBE00254FEE /* Products */,
			);
			sourceTree = "<group>";
		};
		38EA0CA81B098EBE00254FEE /* Products */ = {
			isa = PBXGroup;
			children = (
				38EA0CA71B098EBE00254FEE /* pieDemo.app */,
				38EA0CC01B098EBE00254FEE /* pieDemoTests.xctest */,
			);
			name = Products;
			sourceTree = "<group>";
		};
		38EA0CA91B098EBE00254FEE /* pieDemo */ = {
			isa = PBXGroup;
			children = (
				38EA0CAE1B098EBE00254FEE /* AppDelegate.h */,
				38EA0CAF1B098EBE00254FEE /* AppDelegate.m */,
				38EA0CB11B098EBE00254FEE /* ViewController.h */,
				38EA0CB21B098EBE00254FEE /* ViewController.m */,
				38EA0CB41B098EBE00254FEE /* Main.storyboard */,
				38EA0CB71B098EBE00254FEE /* Images.xcassets */,
				38EA0CB91B098EBE00254FEE /* LaunchScreen.xib */,
				38EA0CAA1B098EBE00254FEE /* Supporting Files */,
			);
			path = pieDemo;
			sourceTree = "<group>";
		};
		38EA0CAA1B098EBE00254FEE /* Supporting Files */ = {
			isa = PBXGroup;
			children = (
				38EA0CAB1B098EBE00254FEE /* Info.plist */,
				38EA0CAC1B098EBE00254FEE /* main.m */,
			);
			name = "Supporting Files";
			sourceTree = "<group>";
		};
		38EA0CC31B098EBE00254FEE /* pieDemoTests */ = {
			isa = PBXGroup;
			children = (
				38EA0CC61B098EBE00254FEE /* pieDemoTests.m */,
				38EA0CC41B098EBE00254FEE /* Supporting Files */,
			);
			path = pieDemoTests;
			sourceTree = "<group>";
		};
		38EA0CC41B098EBE00254FEE /* Supporting Files */ = {
			isa = PBXGroup;
			children = (
				38EA0CC51B098EBE00254FEE /* Info.plist */,
			);
			name = "Supporting Files";
			sourceTree = "<group>";
		};
/* End PBXGroup section */

/* Begin PBXNativeTarget section */
		38EA0CA61B098EBE00254FEE /* pieDemo */ = {
			isa = PBXNativeTarget;
			buildConfigurationList = 38EA0CCA1B098EBE00254FEE /* Build configuration list for PBXNativeTarget "pieDemo" */;
			buildPhases = (
				38EA0CA31B098EBE00254FEE /* Sources */,
				38EA0CA41B098EBE00254FEE /* Frameworks */,
				38EA0CA51B098EBE00254FEE /* Resources */,
			);
			buildRules = (
			);
			dependencies = (
			);
			name = pieDemo;
			productName = pieDemo;
			productReference = 38EA0CA71B098EBE00254FEE /* pieDemo.app */;
			productType = "com.apple.product-type.application";
		};
		38EA0CBF1B098EBE00254FEE /* pieDemoTests */ = {
			isa = PBXNativeTarget;
			buildConfigurationList = 38EA0CCD1B098EBE00254FEE /* Build configuration list for PBXNativeTarget "pieDemoTests" */;
			buildPhases = (
				38EA0CBC1B098EBE00254FEE /* Sources */,
				38EA0CBD1B098EBE00254FEE /* Frameworks */,
				38EA0CBE1B098EBE00254FEE /* Resources */,
			);
			buildRules = (
			);
			dependencies = (
				38EA0CC21B098EBE00254FEE /* PBXTargetDependency */,
			);
			name = pieDemoTests;
			productName = pieDemoTests;
			productReference = 38EA0CC01B098EBE00254FEE /* pieDemoTests.xctest */;
			productType = "com.apple.product-type.bundle.unit-test";
		};
/* End PBXNativeTarget section */

/* Begin PBXProject section */
		38EA0C9F1B098EBE00254FEE /* Project object */ = {
			isa = PBXProject;
			attributes = {
				LastUpgradeCheck = 0630;
				ORGANIZATIONNAME = "黄少华";
				TargetAttributes = {
					38EA0CA61B098EBE00254FEE = {
						CreatedOnToolsVersion = 6.3;
					};
					38EA0CBF1B098EBE00254FEE = {
						CreatedOnToolsVersion = 6.3;
						TestTargetID = 38EA0CA61B098EBE00254FEE;
					};
				};
			};
			buildConfigurationList = 38EA0CA21B098EBE00254FEE /* Build configuration list for PBXProject "pieDemo" */;
			compatibilityVersion = "Xcode 3.2";
			developmentRegion = English;
			hasScannedForEncodings = 0;
			knownRegions = (
				en,
				Base,
			);
			mainGroup = 38EA0C9E1B098EBE00254FEE;
			productRefGroup = 38EA0CA81B098EBE00254FEE /* Products */;
			projectDirPath = "";
			projectRoot = "";
			targets = (
				38EA0CA61B098EBE00254FEE /* pieDemo */,
				38EA0CBF1B098EBE00254FEE /* pieDemoTests */,
			);
		};
/* End PBXProject section */

/* Begin PBXResourcesBuildPhase section */
		38EA0CA51B098EBE00254FEE /* Resources */ = {
			isa = PBXResourcesBuildPhase;
			buildActionMask = 2147483647;
			files = (
				38EA0CB61B098EBE00254FEE /* Main.storyboard in Resources */,
				38EA0CBB1B098EBE00254FEE /* LaunchScreen.xib in Resources */,
				38EA0CB81B098EBE00254FEE /* Images.xcassets in Resources */,
			);
			runOnlyForDeploymentPostprocessing = 0;
		};
		38EA0CBE1B098EBE00254FEE /* Resources */ = {
			isa = PBXResourcesBuildPhase;
			buildActionMask = 2147483647;
			files = (
			);
			runOnlyForDeploymentPostprocessing = 0;
		};
/* End PBXResourcesBuildPhase section */

/* Begin PBXSourcesBuildPhase section */
		38EA0CA31B098EBE00254FEE /* Sources */ = {
			isa = PBXSourcesBuildPhase;
			buildActionMask = 2147483647;
			files = (
				38EA0CB31B098EBE00254FEE /* ViewController.m in Sources */,
				38EA0CB01B098EBE00254FEE /* AppDelegate.m in Sources */,
				38EA0CAD1B098EBE00254FEE /* main.m in Sources */,
			);
			runOnlyForDeploymentPostprocessing = 0;
		};
		38EA0CBC1B098EBE00254FEE /* Sources */ = {
			isa = PBXSourcesBuildPhase;
			buildActionMask = 2147483647;
			files = (
				38EA0CC71B098EBE00254FEE /* pieDemoTests.m in Sources */,
			);
			runOnlyForDeploymentPostprocessing = 0;
		};
/* End PBXSourcesBuildPhase section */

/* Begin PBXTargetDependency section */
		38EA0CC21B098EBE00254FEE /* PBXTargetDependency */ = {
			isa = PBXTargetDependency;
			target = 38EA0CA61B098EBE00254FEE /* pieDemo */;
			targetProxy = 38EA0CC11B098EBE00254FEE /* PBXContainerItemProxy */;
		};
/* End PBXTargetDependency section */

/* Begin PBXVariantGroup section */
		38EA0CB41B098EBE00254FEE /* Main.storyboard */ = {
			isa = PBXVariantGroup;
			children = (
				38EA0CB51B098EBE00254FEE /* Base */,
			);
			name = Main.storyboard;
			sourceTree = "<group>";
		};
		38EA0CB91B098EBE00254FEE /* LaunchScreen.xib */ = {
			isa = PBXVariantGroup;
			children = (
				38EA0CBA1B098EBE00254FEE /* Base */,
			);
			name = LaunchScreen.xib;
			sourceTree = "<group>";
		};
/* End PBXVariantGroup section */

/* Begin XCBuildConfiguration section */
		38EA0CC81B098EBE00254FEE /* Debug */ = {
			isa = XCBuildConfiguration;
			buildSettings = {
				ALWAYS_SEARCH_USER_PATHS = NO;
				CLANG_CXX_LANGUAGE_STANDARD = "gnu++0x";
				CLANG_CXX_LIBRARY = "libc++";
				CLANG_ENABLE_MODULES = YES;
				CLANG_ENABLE_OBJC_ARC = YES;
				CLANG_WARN_BOOL_CONVERSION = YES;
				CLANG_WARN_CONSTANT_CONVERSION = YES;
				CLANG_WARN_DIRECT_OBJC_ISA_USAGE = YES_ERROR;
				CLANG_WARN_EMPTY_BODY = YES;
				CLANG_WARN_ENUM_CONVERSION = YES;
				CLANG_WARN_INT_CONVERSION = YES;
				CLANG_WARN_OBJC_ROOT_CLASS = YES_ERROR;
				CLANG_WARN_UNREACHABLE_CODE = YES;
				CLANG_WARN__DUPLICATE_METHOD_MATCH = YES;
				"CODE_SIGN_IDENTITY[sdk=iphoneos*]" = "iPhone Developer";
				COPY_PHASE_STRIP = NO;
				DEBUG_INFORMATION_FORMAT = "dwarf-with-dsym";
				ENABLE_STRICT_OBJC_MSGSEND = YES;
				GCC_C_LANGUAGE_STANDARD = gnu99;
				GCC_DYNAMIC_NO_PIC = NO;
				GCC_NO_COMMON_BLOCKS = YES;
				GCC_OPTIMIZATION_LEVEL = 0;
				GCC_PREPROCESSOR_DEFINITIONS = (
					"DEBUG=1",
					"$(inherited)",
				);
				GCC_SYMBOLS_PRIVATE_EXTERN = NO;
				GCC_WARN_64_TO_32_BIT_CONVERSION = YES;
				GCC_WARN_ABOUT_RETURN_TYPE = YES_ERROR;
				GCC_WARN_UNDECLARED_SELECTOR = YES;
				GCC_WARN_UNINITIALIZED_AUTOS = YES_AGGRESSIVE;
				GCC_WARN_UNUSED_FUNCTION = YES;
				GCC_WARN_UNUSED_VARIABLE = YES;
				IPHONEOS_DEPLOYMENT_TARGET = 8.3;
				MTL_ENABLE_DEBUG_INFO = YES;
				ONLY_ACTIVE_ARCH = YES;
				SDKROOT = iphoneos;
				TARGETED_DEVICE_FAMILY = "1,2";
			};
			name = Debug;
		};
		38EA0CC91B098EBE00254FEE /* Release */ = {
			isa = XCBuildConfiguration;
			buildSettings = {
				ALWAYS_SEARCH_USER_PATHS = NO;
				CLANG_CXX_LANGUAGE_STANDARD = "gnu++0x";
				CLANG_CXX_LIBRARY = "libc++";
				CLANG_ENABLE_MODULES = YES;
				CLANG_ENABLE_OBJC_ARC = YES;
				CLANG_WARN_BOOL_CONVERSION = YES;
				CLANG_WARN_CONSTANT_CONVERSION = YES;
				CLANG_WARN_DIRECT_OBJC_ISA_USAGE = YES_ERROR;
				CLANG_WARN_EMPTY_BODY = YES;
				CLANG_WARN_ENUM_CONVERSION = YES;
				CLANG_WARN_INT_CONVERSION = YES;
				CLANG_WARN_OBJC_ROOT_CLASS = YES_ERROR;
				CLANG_WARN_UNREACHABLE_CODE = YES;
				CLANG_WARN__DUPLICATE_METHOD_MATCH = YES;
				"CODE_SIGN_IDENTITY[sdk=iphoneos*]" = "iPhone Developer";
				COPY_PHASE_STRIP = NO;
				DEBUG_INFORMATION_FORMAT = "dwarf-with-dsym";
				ENABLE_NS_ASSERTIONS = NO;
				ENABLE_STRICT_OBJC_MSGSEND = YES;
				GCC_C_LANGUAGE_STANDARD = gnu99;
				GCC_NO_COMMON_BLOCKS = YES;
				GCC_WARN_64_TO_32_BIT_CONVERSION = YES;
				GCC_WARN_ABOUT_RETURN_TYPE = YES_ERROR;
				GCC_WARN_UNDECLARED_SELECTOR = YES;
				GCC_WARN_UNINITIALIZED_AUTOS = YES_AGGRESSIVE;
				GCC_WARN_UNUSED_FUNCTION = YES;
				GCC_WARN_UNUSED_VARIABLE = YES;
				IPHONEOS_DEPLOYMENT_TARGET = 8.3;
				MTL_ENABLE_DEBUG_INFO = NO;
				SDKROOT = iphoneos;
				TARGETED_DEVICE_FAMILY = "1,2";
				VALIDATE_PRODUCT = YES;
			};
			name = Release;
		};
		38EA0CCB1B098EBE00254FEE /* Debug */ = {
			isa = XCBuildConfiguration;
			buildSettings = {
				ASSETCATALOG_COMPILER_APPICON_NAME = AppIcon;
				INFOPLIST_FILE = pieDemo/Info.plist;
				LD_RUNPATH_SEARCH_PATHS = "$(inherited) @executable_path/Frameworks";
				PRODUCT_NAME = "$(TARGET_NAME)";
			};
			name = Debug;
		};
		38EA0CCC1B098EBE00254FEE /* Release */ = {
			isa = XCBuildConfiguration;
			buildSettings = {
				ASSETCATALOG_COMPILER_APPICON_NAME = AppIcon;
				INFOPLIST_FILE = pieDemo/Info.plist;
				LD_RUNPATH_SEARCH_PATHS = "$(inherited) @executable_path/Frameworks";
				PRODUCT_NAME = "$(TARGET_NAME)";
			};
			name = Release;
		};
		38EA0CCE1B098EBE00254FEE /* Debug */ = {
			isa = XCBuildConfiguration;
			buildSettings = {
				BUNDLE_LOADER = "$(TEST_HOST)";
				FRAMEWORK_SEARCH_PATHS = (
					"$(SDKROOT)/Developer/Library/Frameworks",
					"$(inherited)",
				);
				GCC_PREPROCESSOR_DEFINITIONS = (
					"DEBUG=1",
					"$(inherited)",
				);
				INFOPLIST_FILE = pieDemoTests/Info.plist;
				LD_RUNPATH_SEARCH_PATHS = "$(inherited) @executable_path/Frameworks @loader_path/Frameworks";
				PRODUCT_NAME = "$(TARGET_NAME)";
				TEST_HOST = "$(BUILT_PRODUCTS_DIR)/pieDemo.app/pieDemo";
			};
			name = Debug;
		};
		38EA0CCF1B098EBE00254FEE /* Release */ = {
			isa = XCBuildConfiguration;
			buildSettings = {
				BUNDLE_LOADER = "$(TEST_HOST)";
				FRAMEWORK_SEARCH_PATHS = (
					"$(SDKROOT)/Developer/Library/Frameworks",
					"$(inherited)",
				);
				INFOPLIST_FILE = pieDemoTests/Info.plist;
				LD_RUNPATH_SEARCH_PATHS = "$(inherited) @executable_path/Frameworks @loader_path/Frameworks";
				PRODUCT_NAME = "$(TARGET_NAME)";
				TEST_HOST = "$(BUILT_PRODUCTS_DIR)/pieDemo.app/pieDemo";
			};
			name = Release;
		};
/* End XCBuildConfiguration section */

/* Begin XCConfigurationList section */
		38EA0CA21B098EBE00254FEE /* Build configuration list for PBXProject "pieDemo" */ = {
			isa = XCConfigurationList;
			buildConfigurations = (
				38EA0CC81B098EBE00254FEE /* Debug */,
				38EA0CC91B098EBE00254FEE /* Release */,
			);
			defaultConfigurationIsVisible = 0;
			defaultConfigurationName = Release;
		};
		38EA0CCA1B098EBE00254FEE /* Build configuration list for PBXNativeTarget "pieDemo" */ = {
			isa = XCConfigurationList;
			buildConfigurations = (
				38EA0CCB1B098EBE00254FEE /* Debug */,
				38EA0CCC1B098EBE00254FEE /* Release */,
			);
			defaultConfigurationIsVisible = 0;
		};
		38EA0CCD1B098EBE00254FEE /* Build configuration list for PBXNativeTarget "pieDemoTests" */ = {
			isa = XCConfigurationList;
			buildConfigurations = (
				38EA0CCE1B098EBE00254FEE /* Debug */,
				38EA0CCF1B098EBE00254FEE /* Release */,
			);
			defaultConfigurationIsVisible = 0;
		};
/* End XCConfigurationList section */
	};
	rootObject = 38EA0C9F1B098EBE00254FEE /* Project object */;
}
